# This file is generated by running "yarn install" inside your project.
# Manual changes might be lost - proceed with caution!

__metadata:
  version: 6
  cacheKey: 8

"cli-color@npm:~2.0.0":
  version: 2.0.3
  resolution: "cli-color@npm:2.0.3"
  dependencies:
    d: ^1.0.1
    es5-ext: ^0.10.61
    es6-iterator: ^2.0.3
    memoizee: ^0.4.15
    timers-ext: ^0.1.7
  checksum: b1c5f3d0ec29cbe22be7a01d90bd0cfa080ffed6f1c321ea20ae3f10c6041f0e411e28ee2b98025945bee3548931deed1ae849b53c21b523ba74efef855cd73d
  languageName: node
  linkType: hard

"commander@npm:~7.2.0":
  version: 7.2.0
  resolution: "commander@npm:7.2.0"
  checksum: 53501cbeee61d5157546c0bef0fedb6cdfc763a882136284bed9a07225f09a14b82d2a84e7637edfd1a679fb35ed9502fd58ef1d091e6287f60d790147f68ddc
  languageName: node
  linkType: hard

"d@npm:1, d@npm:^1.0.1":
  version: 1.0.1
  resolution: "d@npm:1.0.1"
  dependencies:
    es5-ext: ^0.10.50
    type: ^1.0.1
  checksum: 49ca0639c7b822db670de93d4fbce44b4aa072cd848c76292c9978a8cd0fff1028763020ff4b0f147bd77bfe29b4c7f82e0f71ade76b2a06100543cdfd948d19
  languageName: node
  linkType: hard

"debug@npm:2.6.9":
  version: 2.6.9
  resolution: "debug@npm:2.6.9"
  dependencies:
    ms: 2.0.0
  checksum: d2f51589ca66df60bf36e1fa6e4386b318c3f1e06772280eea5b1ae9fd3d05e9c2b7fd8a7d862457d00853c75b00451aa2d7459b924629ee385287a650f58fe6
  languageName: node
  linkType: hard

"define-lazy-prop@npm:^2.0.0":
  version: 2.0.0
  resolution: "define-lazy-prop@npm:2.0.0"
  checksum: 0115fdb065e0490918ba271d7339c42453d209d4cb619dfe635870d906731eff3e1ade8028bb461ea27ce8264ec5e22c6980612d332895977e89c1bbc80fcee2
  languageName: node
  linkType: hard

"depd@npm:~1.1.2":
  version: 1.1.2
  resolution: "depd@npm:1.1.2"
  checksum: 6b406620d269619852885ce15965272b829df6f409724415e0002c8632ab6a8c0a08ec1f0bd2add05dc7bd7507606f7e2cc034fa24224ab829580040b835ecd9
  languageName: node
  linkType: hard

"destroy@npm:~1.0.4":
  version: 1.0.4
  resolution: "destroy@npm:1.0.4"
  checksum: da9ab4961dc61677c709da0c25ef01733042614453924d65636a7db37308fef8a24cd1e07172e61173d471ca175371295fbc984b0af5b2b4ff47cd57bd784c03
  languageName: node
  linkType: hard

"ee-first@npm:1.1.1":
  version: 1.1.1
  resolution: "ee-first@npm:1.1.1"
  checksum: 1b4cac778d64ce3b582a7e26b218afe07e207a0f9bfe13cc7395a6d307849cfe361e65033c3251e00c27dd060cab43014c2d6b2647676135e18b77d2d05b3f4f
  languageName: node
  linkType: hard

"encodeurl@npm:~1.0.2":
  version: 1.0.2
  resolution: "encodeurl@npm:1.0.2"
  checksum: e50e3d508cdd9c4565ba72d2012e65038e5d71bdc9198cb125beb6237b5b1ade6c0d343998da9e170fb2eae52c1bed37d4d6d98a46ea423a0cddbed5ac3f780c
  languageName: node
  linkType: hard

"es5-ext@npm:^0.10.35, es5-ext@npm:^0.10.46, es5-ext@npm:^0.10.50, es5-ext@npm:^0.10.53, es5-ext@npm:^0.10.61, es5-ext@npm:~0.10.14, es5-ext@npm:~0.10.2, es5-ext@npm:~0.10.46":
  version: 0.10.62
  resolution: "es5-ext@npm:0.10.62"
  dependencies:
    es6-iterator: ^2.0.3
    es6-symbol: ^3.1.3
    next-tick: ^1.1.0
  checksum: 25f42f6068cfc6e393cf670bc5bba249132c5f5ec2dd0ed6e200e6274aca2fed8e9aec8a31c76031744c78ca283c57f0b41c7e737804c6328c7b8d3fbcba7983
  languageName: node
  linkType: hard

"es6-iterator@npm:^2.0.3":
  version: 2.0.3
  resolution: "es6-iterator@npm:2.0.3"
  dependencies:
    d: 1
    es5-ext: ^0.10.35
    es6-symbol: ^3.1.1
  checksum: 6e48b1c2d962c21dee604b3d9f0bc3889f11ed5a8b33689155a2065d20e3107e2a69cc63a71bd125aeee3a589182f8bbcb5c8a05b6a8f38fa4205671b6d09697
  languageName: node
  linkType: hard

"es6-symbol@npm:^3.1.1, es6-symbol@npm:^3.1.3":
  version: 3.1.3
  resolution: "es6-symbol@npm:3.1.3"
  dependencies:
    d: ^1.0.1
    ext: ^1.1.2
  checksum: cd49722c2a70f011eb02143ef1c8c70658d2660dead6641e160b94619f408b9cf66425515787ffe338affdf0285ad54f4eae30ea5bd510e33f8659ec53bcaa70
  languageName: node
  linkType: hard

"es6-weak-map@npm:^2.0.3":
  version: 2.0.3
  resolution: "es6-weak-map@npm:2.0.3"
  dependencies:
    d: 1
    es5-ext: ^0.10.46
    es6-iterator: ^2.0.3
    es6-symbol: ^3.1.1
  checksum: 19ca15f46d50948ce78c2da5f21fb5b1ef45addd4fe17b5df952ff1f2a3d6ce4781249bc73b90995257264be2a98b2ec749bb2aba0c14b5776a1154178f9c927
  languageName: node
  linkType: hard

"escape-html@npm:~1.0.3":
  version: 1.0.3
  resolution: "escape-html@npm:1.0.3"
  checksum: 6213ca9ae00d0ab8bccb6d8d4e0a98e76237b2410302cf7df70aaa6591d509a2a37ce8998008cbecae8fc8ffaadf3fb0229535e6a145f3ce0b211d060decbb24
  languageName: node
  linkType: hard

"etag@npm:~1.8.1":
  version: 1.8.1
  resolution: "etag@npm:1.8.1"
  checksum: 571aeb3dbe0f2bbd4e4fadbdb44f325fc75335cd5f6f6b6a091e6a06a9f25ed5392f0863c5442acb0646787446e816f13cbfc6edce5b07658541dff573cab1ff
  languageName: node
  linkType: hard

"event-emitter@npm:^0.3.5":
  version: 0.3.5
  resolution: "event-emitter@npm:0.3.5"
  dependencies:
    d: 1
    es5-ext: ~0.10.14
  checksum: 27c1399557d9cd7e0aa0b366c37c38a4c17293e3a10258e8b692a847dd5ba9fb90429c3a5a1eeff96f31f6fa03ccbd31d8ad15e00540b22b22f01557be706030
  languageName: node
  linkType: hard

"ext@npm:^1.1.2":
  version: 1.7.0
  resolution: "ext@npm:1.7.0"
  dependencies:
    type: ^2.7.2
  checksum: ef481f9ef45434d8c867cfd09d0393b60945b7c8a1798bedc4514cb35aac342ccb8d8ecb66a513e6a2b4ec1e294a338e3124c49b29736f8e7c735721af352c31
  languageName: node
  linkType: hard

"finalhandler@npm:~1.1.1":
  version: 1.1.2
  resolution: "finalhandler@npm:1.1.2"
  dependencies:
    debug: 2.6.9
    encodeurl: ~1.0.2
    escape-html: ~1.0.3
    on-finished: ~2.3.0
    parseurl: ~1.3.3
    statuses: ~1.5.0
    unpipe: ~1.0.0
  checksum: 617880460c5138dd7ccfd555cb5dde4d8f170f4b31b8bd51e4b646bb2946c30f7db716428a1f2882d730d2b72afb47d1f67cc487b874cb15426f95753a88965e
  languageName: node
  linkType: hard

"fm_qr-code-component-main@workspace:.":
  version: 0.0.0-use.local
  resolution: "fm_qr-code-component-main@workspace:."
  dependencies:
    reload: ^3.2.0
  languageName: unknown
  linkType: soft

"fresh@npm:0.5.2":
  version: 0.5.2
  resolution: "fresh@npm:0.5.2"
  checksum: 13ea8b08f91e669a64e3ba3a20eb79d7ca5379a81f1ff7f4310d54e2320645503cc0c78daedc93dfb6191287295f6479544a649c64d8e41a1c0fb0c221552346
  languageName: node
  linkType: hard

"http-errors@npm:1.8.1":
  version: 1.8.1
  resolution: "http-errors@npm:1.8.1"
  dependencies:
    depd: ~1.1.2
    inherits: 2.0.4
    setprototypeof: 1.2.0
    statuses: ">= 1.5.0 < 2"
    toidentifier: 1.0.1
  checksum: d3c7e7e776fd51c0a812baff570bdf06fe49a5dc448b700ab6171b1250e4cf7db8b8f4c0b133e4bfe2451022a5790c1ca6c2cae4094dedd6ac8304a1267f91d2
  languageName: node
  linkType: hard

"inherits@npm:2.0.4":
  version: 2.0.4
  resolution: "inherits@npm:2.0.4"
  checksum: 4a48a733847879d6cf6691860a6b1e3f0f4754176e4d71494c41f3475553768b10f84b5ce1d40fbd0e34e6bfbb864ee35858ad4dd2cf31e02fc4a154b724d7f1
  languageName: node
  linkType: hard

"is-docker@npm:^2.0.0, is-docker@npm:^2.1.1":
  version: 2.2.1
  resolution: "is-docker@npm:2.2.1"
  bin:
    is-docker: cli.js
  checksum: 3fef7ddbf0be25958e8991ad941901bf5922ab2753c46980b60b05c1bf9c9c2402d35e6dc32e4380b980ef5e1970a5d9d5e5aa2e02d77727c3b6b5e918474c56
  languageName: node
  linkType: hard

"is-promise@npm:^2.2.2":
  version: 2.2.2
  resolution: "is-promise@npm:2.2.2"
  checksum: 18bf7d1c59953e0ad82a1ed963fb3dc0d135c8f299a14f89a17af312fc918373136e56028e8831700e1933519630cc2fd4179a777030330fde20d34e96f40c78
  languageName: node
  linkType: hard

"is-wsl@npm:^2.2.0":
  version: 2.2.0
  resolution: "is-wsl@npm:2.2.0"
  dependencies:
    is-docker: ^2.0.0
  checksum: 20849846ae414997d290b75e16868e5261e86ff5047f104027026fd61d8b5a9b0b3ade16239f35e1a067b3c7cc02f70183cb661010ed16f4b6c7c93dad1b19d8
  languageName: node
  linkType: hard

"lru-queue@npm:^0.1.0":
  version: 0.1.0
  resolution: "lru-queue@npm:0.1.0"
  dependencies:
    es5-ext: ~0.10.2
  checksum: 7f2c53c5e7f2de20efb6ebb3086b7aea88d6cf9ae91ac5618ece974122960c4e8ed04988e81d92c3e63d60b12c556b14d56ef7a9c5a4627b23859b813e39b1a2
  languageName: node
  linkType: hard

"memoizee@npm:^0.4.15":
  version: 0.4.15
  resolution: "memoizee@npm:0.4.15"
  dependencies:
    d: ^1.0.1
    es5-ext: ^0.10.53
    es6-weak-map: ^2.0.3
    event-emitter: ^0.3.5
    is-promise: ^2.2.2
    lru-queue: ^0.1.0
    next-tick: ^1.1.0
    timers-ext: ^0.1.7
  checksum: 4065d94416dbadac56edf5947bf342beca0e9f051f33ad60d7c4baf3f6ca0f3c6fdb770c5caed5a89c0ceaf9121428582f396445d591785281383d60aa883418
  languageName: node
  linkType: hard

"mime@npm:1.6.0":
  version: 1.6.0
  resolution: "mime@npm:1.6.0"
  bin:
    mime: cli.js
  checksum: fef25e39263e6d207580bdc629f8872a3f9772c923c7f8c7e793175cee22777bbe8bba95e5d509a40aaa292d8974514ce634ae35769faa45f22d17edda5e8557
  languageName: node
  linkType: hard

"minimist@npm:~1.2.0":
  version: 1.2.6
  resolution: "minimist@npm:1.2.6"
  checksum: d15428cd1e11eb14e1233bcfb88ae07ed7a147de251441d61158619dfb32c4d7e9061d09cab4825fdee18ecd6fce323228c8c47b5ba7cd20af378ca4048fb3fb
  languageName: node
  linkType: hard

"ms@npm:2.0.0":
  version: 2.0.0
  resolution: "ms@npm:2.0.0"
  checksum: 0e6a22b8b746d2e0b65a430519934fefd41b6db0682e3477c10f60c76e947c4c0ad06f63ffdf1d78d335f83edee8c0aa928aa66a36c7cd95b69b26f468d527f4
  languageName: node
  linkType: hard

"ms@npm:2.1.3":
  version: 2.1.3
  resolution: "ms@npm:2.1.3"
  checksum: aa92de608021b242401676e35cfa5aa42dd70cbdc082b916da7fb925c542173e36bce97ea3e804923fe92c0ad991434e4a38327e15a1b5b5f945d66df615ae6d
  languageName: node
  linkType: hard

"next-tick@npm:1, next-tick@npm:^1.1.0":
  version: 1.1.0
  resolution: "next-tick@npm:1.1.0"
  checksum: 83b5cf36027a53ee6d8b7f9c0782f2ba87f4858d977342bfc3c20c21629290a2111f8374d13a81221179603ffc4364f38374b5655d17b6a8f8a8c77bdea4fe8b
  languageName: node
  linkType: hard

"on-finished@npm:~2.3.0":
  version: 2.3.0
  resolution: "on-finished@npm:2.3.0"
  dependencies:
    ee-first: 1.1.1
  checksum: 1db595bd963b0124d6fa261d18320422407b8f01dc65863840f3ddaaf7bcad5b28ff6847286703ca53f4ec19595bd67a2f1253db79fc4094911ec6aa8df1671b
  languageName: node
  linkType: hard

"open@npm:^8.0.0":
  version: 8.4.0
  resolution: "open@npm:8.4.0"
  dependencies:
    define-lazy-prop: ^2.0.0
    is-docker: ^2.1.1
    is-wsl: ^2.2.0
  checksum: e9545bec64cdbf30a0c35c1bdc310344adf8428a117f7d8df3c0af0a0a24c513b304916a6d9b11db0190ff7225c2d578885080b761ed46a3d5f6f1eebb98b63c
  languageName: node
  linkType: hard

"parseurl@npm:~1.3.3":
  version: 1.3.3
  resolution: "parseurl@npm:1.3.3"
  checksum: 407cee8e0a3a4c5cd472559bca8b6a45b82c124e9a4703302326e9ab60fc1081442ada4e02628efef1eb16197ddc7f8822f5a91fd7d7c86b51f530aedb17dfa2
  languageName: node
  linkType: hard

"querystringify@npm:^2.1.1":
  version: 2.2.0
  resolution: "querystringify@npm:2.2.0"
  checksum: 5641ea231bad7ef6d64d9998faca95611ed4b11c2591a8cae741e178a974f6a8e0ebde008475259abe1621cb15e692404e6b6626e927f7b849d5c09392604b15
  languageName: node
  linkType: hard

"range-parser@npm:~1.2.1":
  version: 1.2.1
  resolution: "range-parser@npm:1.2.1"
  checksum: 0a268d4fea508661cf5743dfe3d5f47ce214fd6b7dec1de0da4d669dd4ef3d2144468ebe4179049eff253d9d27e719c88dae55be64f954e80135a0cada804ec9
  languageName: node
  linkType: hard

"reload@npm:^3.2.0":
  version: 3.2.0
  resolution: "reload@npm:3.2.0"
  dependencies:
    cli-color: ~2.0.0
    commander: ~7.2.0
    finalhandler: ~1.1.1
    minimist: ~1.2.0
    open: ^8.0.0
    serve-static: ~1.14.0
    supervisor: ~0.12.0
    url-parse: ~1.5.0
    ws: ~7.4.0
  bin:
    reload: bin/reload
  checksum: 3f3e14b3d8bf93b452364b468073397d78208f6607b4bef586c3de788bfb386b1de6fa16760f643e8da9fa549fab8b9535d80bdf8419878c7f4ce8fa4a529e18
  languageName: node
  linkType: hard

"requires-port@npm:^1.0.0":
  version: 1.0.0
  resolution: "requires-port@npm:1.0.0"
  checksum: eee0e303adffb69be55d1a214e415cf42b7441ae858c76dfc5353148644f6fd6e698926fc4643f510d5c126d12a705e7c8ed7e38061113bdf37547ab356797ff
  languageName: node
  linkType: hard

"send@npm:0.17.2":
  version: 0.17.2
  resolution: "send@npm:0.17.2"
  dependencies:
    debug: 2.6.9
    depd: ~1.1.2
    destroy: ~1.0.4
    encodeurl: ~1.0.2
    escape-html: ~1.0.3
    etag: ~1.8.1
    fresh: 0.5.2
    http-errors: 1.8.1
    mime: 1.6.0
    ms: 2.1.3
    on-finished: ~2.3.0
    range-parser: ~1.2.1
    statuses: ~1.5.0
  checksum: c28f36deb4ccba9b8d6e6a1e472b8e7c40a1f51575bdf8f67303568cc9e71131faa3adc36fdb72611616ccad1584358bbe4c3ebf419e663ecc5de868ad3d3f03
  languageName: node
  linkType: hard

"serve-static@npm:~1.14.0":
  version: 1.14.2
  resolution: "serve-static@npm:1.14.2"
  dependencies:
    encodeurl: ~1.0.2
    escape-html: ~1.0.3
    parseurl: ~1.3.3
    send: 0.17.2
  checksum: d97f3183b1dfcd8ce9c0e37e18e87fd31147ed6c8ee0b2c3a089d795e44ee851ca5061db01574f806d54f4e4b70bc694d9ca64578653514e04a28cbc97a1de05
  languageName: node
  linkType: hard

"setprototypeof@npm:1.2.0":
  version: 1.2.0
  resolution: "setprototypeof@npm:1.2.0"
  checksum: be18cbbf70e7d8097c97f713a2e76edf84e87299b40d085c6bf8b65314e994cc15e2e317727342fa6996e38e1f52c59720b53fe621e2eb593a6847bf0356db89
  languageName: node
  linkType: hard

"statuses@npm:>= 1.5.0 < 2, statuses@npm:~1.5.0":
  version: 1.5.0
  resolution: "statuses@npm:1.5.0"
  checksum: c469b9519de16a4bb19600205cffb39ee471a5f17b82589757ca7bd40a8d92ebb6ed9f98b5a540c5d302ccbc78f15dc03cc0280dd6e00df1335568a5d5758a5c
  languageName: node
  linkType: hard

"supervisor@npm:~0.12.0":
  version: 0.12.0
  resolution: "supervisor@npm:0.12.0"
  bin:
    node-supervisor: lib/cli-wrapper.js
    supervisor: lib/cli-wrapper.js
  checksum: 3e425d6a7370be8004c14864423f69060cc315bfaebe26ad6f9db4877b89897a79281547407bd3ad51852b91cfb2322699d0c7b8f088f8b917808c9c72f94146
  languageName: node
  linkType: hard

"timers-ext@npm:^0.1.7":
  version: 0.1.7
  resolution: "timers-ext@npm:0.1.7"
  dependencies:
    es5-ext: ~0.10.46
    next-tick: 1
  checksum: ef3f27a0702a88d885bcbb0317c3e3ecd094ce644da52e7f7d362394a125d9e3578292a8f8966071a980d8abbc3395725333b1856f3ae93835b46589f700d938
  languageName: node
  linkType: hard

"toidentifier@npm:1.0.1":
  version: 1.0.1
  resolution: "toidentifier@npm:1.0.1"
  checksum: 952c29e2a85d7123239b5cfdd889a0dde47ab0497f0913d70588f19c53f7e0b5327c95f4651e413c74b785147f9637b17410ac8c846d5d4a20a5a33eb6dc3a45
  languageName: node
  linkType: hard

"type@npm:^1.0.1":
  version: 1.2.0
  resolution: "type@npm:1.2.0"
  checksum: dae8c64f82c648b985caf321e9dd6e8b7f4f2e2d4f846fc6fd2c8e9dc7769382d8a52369ddbaccd59aeeceb0df7f52fb339c465be5f2e543e81e810e413451ee
  languageName: node
  linkType: hard

"type@npm:^2.7.2":
  version: 2.7.2
  resolution: "type@npm:2.7.2"
  checksum: 0f42379a8adb67fe529add238a3e3d16699d95b42d01adfe7b9a7c5da297f5c1ba93de39265ba30ffeb37dfd0afb3fb66ae09f58d6515da442219c086219f6f4
  languageName: node
  linkType: hard

"unpipe@npm:~1.0.0":
  version: 1.0.0
  resolution: "unpipe@npm:1.0.0"
  checksum: 4fa18d8d8d977c55cb09715385c203197105e10a6d220087ec819f50cb68870f02942244f1017565484237f1f8c5d3cd413631b1ae104d3096f24fdfde1b4aa2
  languageName: node
  linkType: hard

"url-parse@npm:~1.5.0":
  version: 1.5.10
  resolution: "url-parse@npm:1.5.10"
  dependencies:
    querystringify: ^2.1.1
    requires-port: ^1.0.0
  checksum: fbdba6b1d83336aca2216bbdc38ba658d9cfb8fc7f665eb8b17852de638ff7d1a162c198a8e4ed66001ddbf6c9888d41e4798912c62b4fd777a31657989f7bdf
  languageName: node
  linkType: hard

"ws@npm:~7.4.0":
  version: 7.4.6
  resolution: "ws@npm:7.4.6"
  peerDependencies:
    bufferutil: ^4.0.1
    utf-8-validate: ^5.0.2
  peerDependenciesMeta:
    bufferutil:
      optional: true
    utf-8-validate:
      optional: true
  checksum: 3a990b32ed08c72070d5e8913e14dfcd831919205be52a3ff0b4cdd998c8d554f167c9df3841605cde8b11d607768cacab3e823c58c96a5c08c987e093eb767a
  languageName: node
  linkType: hard
